<Project xmlns="http://schemas.microsoft.com/developer/msbuild/2003">
  <PropertyGroup>
    <ProjectGuid>{71dbf43a-6150-4a09-b1ec-e9f4666e1b41}</ProjectGuid>
    <Configuration Condition=" '$(Configuration)' == '' ">Debug</Configuration>
    <Platform Condition=" '$(Platform)' == '' ">AnyCPU</Platform>
    <DCC_DCCCompiler>DCC32</DCC_DCCCompiler>
    <DCC_DependencyCheckOutputName>Project5.exe</DCC_DependencyCheckOutputName>
    <MainSource>Project5.dpr</MainSource>
  </PropertyGroup>
  <PropertyGroup Condition=" '$(Configuration)|$(Platform)' == 'Release|AnyCPU' ">
    <Version>7.0</Version>
    <DCC_DebugInformation>False</DCC_DebugInformation>
    <DCC_LocalDebugSymbols>False</DCC_LocalDebugSymbols>
    <DCC_SymbolReferenceInfo>0</DCC_SymbolReferenceInfo>
    <DCC_Define>RELEASE</DCC_Define>
  </PropertyGroup>
  <PropertyGroup Condition=" '$(Configuration)|$(Platform)' == 'Debug|AnyCPU' ">
    <Version>7.0</Version>
    <DCC_Define>DEBUG;NOSKIN;SUPERVISOR;ZEOSLIB_</DCC_Define>
    <DCC_UnitAlias>WinTypes=Windows;WinProcs=Windows;DbiTypes=BDE;DbiProcs=BDE;DbiErrs=BDE;IniFiles=IniFilesEx</DCC_UnitAlias>
    <DCC_UnitSearchPath>c:\fontes\indy</DCC_UnitSearchPath>
    <DCC_ResourcePath>c:\fontes\indy</DCC_ResourcePath>
    <DCC_ObjPath>c:\fontes\indy</DCC_ObjPath>
    <DCC_IncludePath>c:\fontes\indy</DCC_IncludePath>
  </PropertyGroup>
  <ProjectExtensions>
    <Borland.Personality>Delphi.Personality</Borland.Personality>
    <Borland.ProjectType />
    <BorlandProject>
<BorlandProject xmlns=""> <Delphi.Personality>   <Parameters>
      <Parameters Name="UseLauncher">False</Parameters>
      <Parameters Name="LoadAllSymbols">True</Parameters>
      <Parameters Name="LoadUnspecifiedSymbols">False</Parameters>
    </Parameters>
    <VersionInfo>
      <VersionInfo Name="IncludeVerInfo">False</VersionInfo>
      <VersionInfo Name="AutoIncBuild">False</VersionInfo>
      <VersionInfo Name="MajorVer">1</VersionInfo>
      <VersionInfo Name="MinorVer">0</VersionInfo>
      <VersionInfo Name="Release">0</VersionInfo>
      <VersionInfo Name="Build">0</VersionInfo>
      <VersionInfo Name="Debug">False</VersionInfo>
      <VersionInfo Name="PreRelease">False</VersionInfo>
      <VersionInfo Name="Special">False</VersionInfo>
      <VersionInfo Name="Private">False</VersionInfo>
      <VersionInfo Name="DLL">False</VersionInfo>
      <VersionInfo Name="Locale">1046</VersionInfo>
      <VersionInfo Name="CodePage">1252</VersionInfo>
    </VersionInfo>
    <VersionInfoKeys>
      <VersionInfoKeys Name="CompanyName"></VersionInfoKeys>
      <VersionInfoKeys Name="FileDescription"></VersionInfoKeys>
      <VersionInfoKeys Name="FileVersion">1.0.0.0</VersionInfoKeys>
      <VersionInfoKeys Name="InternalName"></VersionInfoKeys>
      <VersionInfoKeys Name="LegalCopyright"></VersionInfoKeys>
      <VersionInfoKeys Name="LegalTrademarks"></VersionInfoKeys>
      <VersionInfoKeys Name="OriginalFilename"></VersionInfoKeys>
      <VersionInfoKeys Name="ProductName"></VersionInfoKeys>
      <VersionInfoKeys Name="ProductVersion">1.0.0.0</VersionInfoKeys>
      <VersionInfoKeys Name="Comments"></VersionInfoKeys>
    </VersionInfoKeys>
    <Excluded_Packages>
      
      
      
      
      
      
      
      
      
      
      
      
      
      
      
      
      
      
      
      
      
      
      
      
      
      
      
      
      
      
      
      
      <Excluded_Packages Name="C:\Fontes\BPL\JvBandsD11D.bpl">JVCL Band Objects</Excluded_Packages>
      <Excluded_Packages Name="C:\Fontes\BPL\JvCustomD11D.bpl">JVCL Custom Controls</Excluded_Packages>
      <Excluded_Packages Name="C:\Fontes\BPL\JvDotNetCtrlsD11D.bpl">JVCL DotNet Controls</Excluded_Packages>
      <Excluded_Packages Name="C:\Fontes\BPL\JvEDID11D.bpl">JVCL EDI Components</Excluded_Packages>
      <Excluded_Packages Name="C:\Fontes\BPL\JvCryptD11D.bpl">JVCL Encryption and Compression</Excluded_Packages>
      <Excluded_Packages Name="C:\Fontes\BPL\JvGlobusD11D.bpl">JVCL Globus Components</Excluded_Packages>
      <Excluded_Packages Name="C:\Fontes\BPL\JvHMID11D.bpl">JVCL HMI Controls</Excluded_Packages>
      <Excluded_Packages Name="C:\Fontes\BPL\JvCmpD11D.bpl">JVCL Non-Visual Components</Excluded_Packages>
      <Excluded_Packages Name="C:\Fontes\BPL\JvPluginD11D.bpl">JVCL Plugin Components</Excluded_Packages>
      <Excluded_Packages Name="C:\Fontes\BPL\JvXPCtrlsD11D.bpl">JVCL XP Controls</Excluded_Packages>
      <Excluded_Packages Name="$(BDS)\bin\dcloffice2k100.bpl">Microsoft Office 2000 Sample Automation Server Wrapper Components</Excluded_Packages>
      <Excluded_Packages Name="$(BDS)\bin\dclofficexp100.bpl">Microsoft Office XP Sample Automation Server Wrapper Components</Excluded_Packages>
      <Excluded_Packages Name="C:\Fontes\BPL\dclcxPivotGridOLAPD11.bpl">ExpressPivotGrid 2 OLAP by Developer Express Inc.</Excluded_Packages>
      <Excluded_Packages Name="C:\Fontes\Barcode2D\bds_2007\HsBarcode2DDgn.bpl">Han-soft 2D Barcode VCL Components design time package.</Excluded_Packages>
    </Excluded_Packages>
    <Source>
      <Source Name="MainSource">Project5.dpr</Source>
    </Source>
  </Delphi.Personality> </BorlandProject></BorlandProject>
  </ProjectExtensions>
  <Import Project="$(MSBuildBinPath)\Borland.Delphi.Targets" />
  <ItemGroup>
    <DelphiCompile Include="Project5.dpr">
      <MainSource>MainSource</MainSource>
    </DelphiCompile>
    <DCCReference Include="..\..\Comum\wGoogleCalculoDistancias.pas">
      <Form>GoogleCalculoDistancias</Form>
    </DCCReference>
  </ItemGroup>
</Project>